// !$*UTF8*$!
{
	archiveVersion = 1;
	classes = {
	};
	objectVersion = 50;
	objects = {

/* Begin PBXBuildFile section */
		573E08442278AC24006EE5F8 /* AppDelegate.swift in Sources */ = {isa = PBXBuildFile; fileRef = 573E08432278AC24006EE5F8 /* AppDelegate.swift */; };
		573E08462278AC24006EE5F8 /* ListViewController.swift in Sources */ = {isa = PBXBuildFile; fileRef = 573E08452278AC24006EE5F8 /* ListViewController.swift */; };
		573E084B2278AC26006EE5F8 /* Assets.xcassets in Resources */ = {isa = PBXBuildFile; fileRef = 573E084A2278AC26006EE5F8 /* Assets.xcassets */; };
		573E084E2278AC26006EE5F8 /* LaunchScreen.storyboard in Resources */ = {isa = PBXBuildFile; fileRef = 573E084C2278AC26006EE5F8 /* LaunchScreen.storyboard */; };
		573E08562278C5D2006EE5F8 /* ServicesViewController.swift in Sources */ = {isa = PBXBuildFile; fileRef = 573E08552278C5D2006EE5F8 /* ServicesViewController.swift */; };
		5792D06222809914008F6309 /* MainViewController.swift in Sources */ = {isa = PBXBuildFile; fileRef = 5792D06122809914008F6309 /* MainViewController.swift */; };
		57FB05C2228A192D0080377D /* Client.swift in Sources */ = {isa = PBXBuildFile; fileRef = 57FB05C1228A192D0080377D /* Client.swift */; };
		57FB05C4228A221C0080377D /* Coder.swift in Sources */ = {isa = PBXBuildFile; fileRef = 57FB05C3228A221C0080377D /* Coder.swift */; };
		57FB05C6228A225B0080377D /* Constants.swift in Sources */ = {isa = PBXBuildFile; fileRef = 57FB05C5228A225B0080377D /* Constants.swift */; };
/* End PBXBuildFile section */

/* Begin PBXFileReference section */
		573E08402278AC24006EE5F8 /* QueroTransformar.app */ = {isa = PBXFileReference; explicitFileType = wrapper.application; includeInIndex = 0; path = QueroTransformar.app; sourceTree = BUILT_PRODUCTS_DIR; };
		573E08432278AC24006EE5F8 /* AppDelegate.swift */ = {isa = PBXFileReference; lastKnownFileType = sourcecode.swift; path = AppDelegate.swift; sourceTree = "<group>"; };
		573E08452278AC24006EE5F8 /* ListViewController.swift */ = {isa = PBXFileReference; lastKnownFileType = sourcecode.swift; path = ListViewController.swift; sourceTree = "<group>"; };
		573E084A2278AC26006EE5F8 /* Assets.xcassets */ = {isa = PBXFileReference; lastKnownFileType = folder.assetcatalog; path = Assets.xcassets; sourceTree = "<group>"; };
		573E084D2278AC26006EE5F8 /* Base */ = {isa = PBXFileReference; lastKnownFileType = file.storyboard; name = Base; path = Base.lproj/LaunchScreen.storyboard; sourceTree = "<group>"; };
		573E084F2278AC26006EE5F8 /* Info.plist */ = {isa = PBXFileReference; lastKnownFileType = text.plist.xml; path = Info.plist; sourceTree = "<group>"; };
		573E08552278C5D2006EE5F8 /* ServicesViewController.swift */ = {isa = PBXFileReference; lastKnownFileType = sourcecode.swift; path = ServicesViewController.swift; sourceTree = "<group>"; };
		5792D06122809914008F6309 /* MainViewController.swift */ = {isa = PBXFileReference; lastKnownFileType = sourcecode.swift; path = MainViewController.swift; sourceTree = "<group>"; };
		57FB05C1228A192D0080377D /* Client.swift */ = {isa = PBXFileReference; lastKnownFileType = sourcecode.swift; path = Client.swift; sourceTree = "<group>"; };
		57FB05C3228A221C0080377D /* Coder.swift */ = {isa = PBXFileReference; lastKnownFileType = sourcecode.swift; path = Coder.swift; sourceTree = "<group>"; };
		57FB05C5228A225B0080377D /* Constants.swift */ = {isa = PBXFileReference; lastKnownFileType = sourcecode.swift; path = Constants.swift; sourceTree = "<group>"; };
/* End PBXFileReference section */

/* Begin PBXFrameworksBuildPhase section */
		573E083D2278AC24006EE5F8 /* Frameworks */ = {
			isa = PBXFrameworksBuildPhase;
			buildActionMask = 2147483647;
			files = (
			);
			runOnlyForDeploymentPostprocessing = 0;
		};
/* End PBXFrameworksBuildPhase section */

/* Begin PBXGroup section */
		573E08372278AC24006EE5F8 = {
			isa = PBXGroup;
			children = (
				573E08422278AC24006EE5F8 /* QueroTransformar */,
				573E08412278AC24006EE5F8 /* Products */,
			);
			sourceTree = "<group>";
		};
		573E08412278AC24006EE5F8 /* Products */ = {
			isa = PBXGroup;
			children = (
				573E08402278AC24006EE5F8 /* QueroTransformar.app */,
			);
			name = Products;
			sourceTree = "<group>";
		};
		573E08422278AC24006EE5F8 /* QueroTransformar */ = {
			isa = PBXGroup;
			children = (
				57FB05C8228B32D30080377D /* ViewControllers */,
				57FB05C7228B32B40080377D /* Webservice */,
				573E08432278AC24006EE5F8 /* AppDelegate.swift */,
				573E084A2278AC26006EE5F8 /* Assets.xcassets */,
				573E084C2278AC26006EE5F8 /* LaunchScreen.storyboard */,
				573E084F2278AC26006EE5F8 /* Info.plist */,
			);
			path = QueroTransformar;
			sourceTree = "<group>";
		};
		57FB05C7228B32B40080377D /* Webservice */ = {
			isa = PBXGroup;
			children = (
				57FB05C1228A192D0080377D /* Client.swift */,
				57FB05C3228A221C0080377D /* Coder.swift */,
				57FB05C5228A225B0080377D /* Constants.swift */,
			);
			path = Webservice;
			sourceTree = "<group>";
		};
		57FB05C8228B32D30080377D /* ViewControllers */ = {
			isa = PBXGroup;
			children = (
				573E08452278AC24006EE5F8 /* ListViewController.swift */,
				573E08552278C5D2006EE5F8 /* ServicesViewController.swift */,
				5792D06122809914008F6309 /* MainViewController.swift */,
			);
			path = ViewControllers;
			sourceTree = "<group>";
		};
/* End PBXGroup section */

/* Begin PBXNativeTarget section */
		573E083F2278AC24006EE5F8 /* QueroTransformar */ = {
			isa = PBXNativeTarget;
			buildConfigurationList = 573E08522278AC26006EE5F8 /* Build configuration list for PBXNativeTarget "QueroTransformar" */;
			buildPhases = (
				573E083C2278AC24006EE5F8 /* Sources */,
				573E083D2278AC24006EE5F8 /* Frameworks */,
				573E083E2278AC24006EE5F8 /* Resources */,
			);
			buildRules = (
			);
			dependencies = (
			);
			name = QueroTransformar;
			productName = QueroTransformar;
			productReference = 573E08402278AC24006EE5F8 /* QueroTransformar.app */;
			productType = "com.apple.product-type.application";
		};
/* End PBXNativeTarget section */

/* Begin PBXProject section */
		573E08382278AC24006EE5F8 /* Project object */ = {
			isa = PBXProject;
			attributes = {
				LastSwiftUpdateCheck = 1010;
				LastUpgradeCheck = 1010;
				ORGANIZATIONNAME = "João Pedro Coutinho";
				TargetAttributes = {
					573E083F2278AC24006EE5F8 = {
						CreatedOnToolsVersion = 10.1;
					};
				};
			};
			buildConfigurationList = 573E083B2278AC24006EE5F8 /* Build configuration list for PBXProject "QueroTransformar" */;
			compatibilityVersion = "Xcode 9.3";
			developmentRegion = en;
			hasScannedForEncodings = 0;
			knownRegions = (
				en,
				Base,
			);
			mainGroup = 573E08372278AC24006EE5F8;
			productRefGroup = 573E08412278AC24006EE5F8 /* Products */;
			projectDirPath = "";
			projectRoot = "";
			targets = (
				573E083F2278AC24006EE5F8 /* QueroTransformar */,
			);
		};
/* End PBXProject section */

/* Begin PBXResourcesBuildPhase section */
		573E083E2278AC24006EE5F8 /* Resources */ = {
			isa = PBXResourcesBuildPhase;
			buildActionMask = 2147483647;
			files = (
				573E084E2278AC26006EE5F8 /* LaunchScreen.storyboard in Resources */,
				573E084B2278AC26006EE5F8 /* Assets.xcassets in Resources */,
			);
			runOnlyForDeploymentPostprocessing = 0;
		};
/* End PBXResourcesBuildPhase section */

/* Begin PBXSourcesBuildPhase section */
		573E083C2278AC24006EE5F8 /* Sources */ = {
			isa = PBXSourcesBuildPhase;
			buildActionMask = 2147483647;
			files = (
				57FB05C2228A192D0080377D /* Client.swift in Sources */,
				57FB05C4228A221C0080377D /* Coder.swift in Sources */,
				573E08562278C5D2006EE5F8 /* ServicesViewController.swift in Sources */,
				573E08462278AC24006EE5F8 /* ListViewController.swift in Sources */,
				57FB05C6228A225B0080377D /* Constants.swift in Sources */,
				573E08442278AC24006EE5F8 /* AppDelegate.swift in Sources */,
				5792D06222809914008F6309 /* MainViewController.swift in Sources */,
			);
			runOnlyForDeploymentPostprocessing = 0;
		};
/* End PBXSourcesBuildPhase section */

/* Begin PBXVariantGroup section */
		573E084C2278AC26006EE5F8 /* LaunchScreen.storyboard */ = {
			isa = PBXVariantGroup;
			children = (
				573E084D2278AC26006EE5F8 /* Base */,
			);
			name = LaunchScreen.storyboard;
			sourceTree = "<group>";
		};
/* End PBXVariantGroup section */

/* Begin XCBuildConfiguration section */
		573E08502278AC26006EE5F8 /* Debug */ = {
			isa = XCBuildConfiguration;
			buildSettings = {
				ALWAYS_SEARCH_USER_PATHS = NO;
				CLANG_ANALYZER_NONNULL = YES;
				CLANG_ANALYZER_NUMBER_OBJECT_CONVERSION = YES_AGGRESSIVE;
				CLANG_CXX_LANGUAGE_STANDARD = "gnu++14";
				CLANG_CXX_LIBRARY = "libc++";
				CLANG_ENABLE_MODULES = YES;
				CLANG_ENABLE_OBJC_ARC = YES;
				CLANG_ENABLE_OBJC_WEAK = YES;
				CLANG_WARN_BLOCK_CAPTURE_AUTORELEASING = YES;
				CLANG_WARN_BOOL_CONVERSION = YES;
				CLANG_WARN_COMMA = YES;
				CLANG_WARN_CONSTANT_CONVERSION = YES;
				CLANG_WARN_DEPRECATED_OBJC_IMPLEMENTATIONS = YES;
				CLANG_WARN_DIRECT_OBJC_ISA_USAGE = YES_ERROR;
				CLANG_WARN_DOCUMENTATION_COMMENTS = YES;
				CLANG_WARN_EMPTY_BODY = YES;
				CLANG_WARN_ENUM_CONVERSION = YES;
				CLANG_WARN_INFINITE_RECURSION = YES;
				CLANG_WARN_INT_CONVERSION = YES;
				CLANG_WARN_NON_LITERAL_NULL_CONVERSION = YES;
				CLANG_WARN_OBJC_IMPLICIT_RETAIN_SELF = YES;
				CLANG_WARN_OBJC_LITERAL_CONVERSION = YES;
				CLANG_WARN_OBJC_ROOT_CLASS = YES_ERROR;
				CLANG_WARN_RANGE_LOOP_ANALYSIS = YES;
				CLANG_WARN_STRICT_PROTOTYPES = YES;
				CLANG_WARN_SUSPICIOUS_MOVE = YES;
				CLANG_WARN_UNGUARDED_AVAILABILITY = YES_AGGRESSIVE;
				CLANG_WARN_UNREACHABLE_CODE = YES;
				CLANG_WARN__DUPLICATE_METHOD_MATCH = YES;
				CODE_SIGN_IDENTITY = "iPhone Developer";
				COPY_PHASE_STRIP = NO;
				DEBUG_INFORMATION_FORMAT = dwarf;
				ENABLE_STRICT_OBJC_MSGSEND = YES;
				ENABLE_TESTABILITY = YES;
				GCC_C_LANGUAGE_STANDARD = gnu11;
				GCC_DYNAMIC_NO_PIC = NO;
				GCC_NO_COMMON_BLOCKS = YES;
				GCC_OPTIMIZATION_LEVEL = 0;
				GCC_PREPROCESSOR_DEFINITIONS = (
					"DEBUG=1",
					"$(inherited)",
				);
				GCC_WARN_64_TO_32_BIT_CONVERSION = YES;
				GCC_WARN_ABOUT_RETURN_TYPE = YES_ERROR;
				GCC_WARN_UNDECLARED_SELECTOR = YES;
				GCC_WARN_UNINITIALIZED_AUTOS = YES_AGGRESSIVE;
				GCC_WARN_UNUSED_FUNCTION = YES;
				GCC_WARN_UNUSED_VARIABLE = YES;
				IPHONEOS_DEPLOYMENT_TARGET = 12.1;
				MTL_ENABLE_DEBUG_INFO = INCLUDE_SOURCE;
				MTL_FAST_MATH = YES;
				ONLY_ACTIVE_ARCH = YES;
				SDKROOT = iphoneos;
				SWIFT_ACTIVE_COMPILATION_CONDITIONS = DEBUG;
				SWIFT_OPTIMIZATION_LEVEL = "-Onone";
			};
			name = Debug;
		};
		573E08512278AC26006EE5F8 /* Release */ = {
			isa = XCBuildConfiguration;
			buildSettings = {
				ALWAYS_SEARCH_USER_PATHS = NO;
				CLANG_ANALYZER_NONNULL = YES;
				CLANG_ANALYZER_NUMBER_OBJECT_CONVERSION = YES_AGGRESSIVE;
				CLANG_CXX_LANGUAGE_STANDARD = "gnu++14";
				CLANG_CXX_LIBRARY = "libc++";
				CLANG_ENABLE_MODULES = YES;
				CLANG_ENABLE_OBJC_ARC = YES;
				CLANG_ENABLE_OBJC_WEAK = YES;
				CLANG_WARN_BLOCK_CAPTURE_AUTORELEASING = YES;
				CLANG_WARN_BOOL_CONVERSION = YES;
				CLANG_WARN_COMMA = YES;
				CLANG_WARN_CONSTANT_CONVERSION = YES;
				CLANG_WARN_DEPRECATED_OBJC_IMPLEMENTATIONS = YES;
				CLANG_WARN_DIRECT_OBJC_ISA_USAGE = YES_ERROR;
				CLANG_WARN_DOCUMENTATION_COMMENTS = YES;
				CLANG_WARN_EMPTY_BODY = YES;
				CLANG_WARN_ENUM_CONVERSION = YES;
				CLANG_WARN_INFINITE_RECURSION = YES;
				CLANG_WARN_INT_CONVERSION = YES;
				CLANG_WARN_NON_LITERAL_NULL_CONVERSION = YES;
				CLANG_WARN_OBJC_IMPLICIT_RETAIN_SELF = YES;
				CLANG_WARN_OBJC_LITERAL_CONVERSION = YES;
				CLANG_WARN_OBJC_ROOT_CLASS = YES_ERROR;
				CLANG_WARN_RANGE_LOOP_ANALYSIS = YES;
				CLANG_WARN_STRICT_PROTOTYPES = YES;
				CLANG_WARN_SUSPICIOUS_MOVE = YES;
				CLANG_WARN_UNGUARDED_AVAILABILITY = YES_AGGRESSIVE;
				CLANG_WARN_UNREACHABLE_CODE = YES;
				CLANG_WARN__DUPLICATE_METHOD_MATCH = YES;
				CODE_SIGN_IDENTITY = "iPhone Developer";
				COPY_PHASE_STRIP = NO;
				DEBUG_INFORMATION_FORMAT = "dwarf-with-dsym";
				ENABLE_NS_ASSERTIONS = NO;
				ENABLE_STRICT_OBJC_MSGSEND = YES;
				GCC_C_LANGUAGE_STANDARD = gnu11;
				GCC_NO_COMMON_BLOCKS = YES;
				GCC_WARN_64_TO_32_BIT_CONVERSION = YES;
				GCC_WARN_ABOUT_RETURN_TYPE = YES_ERROR;
				GCC_WARN_UNDECLARED_SELECTOR = YES;
				GCC_WARN_UNINITIALIZED_AUTOS = YES_AGGRESSIVE;
				GCC_WARN_UNUSED_FUNCTION = YES;
				GCC_WARN_UNUSED_VARIABLE = YES;
				IPHONEOS_DEPLOYMENT_TARGET = 12.1;
				MTL_ENABLE_DEBUG_INFO = NO;
				MTL_FAST_MATH = YES;
				SDKROOT = iphoneos;
				SWIFT_COMPILATION_MODE = wholemodule;
				SWIFT_OPTIMIZATION_LEVEL = "-O";
				VALIDATE_PRODUCT = YES;
			};
			name = Release;
		};
		573E08532278AC26006EE5F8 /* Debug */ = {
			isa = XCBuildConfiguration;
			buildSettings = {
				ASSETCATALOG_COMPILER_APPICON_NAME = AppIcon;
				CODE_SIGN_IDENTITY = "iPhone Developer";
				CODE_SIGN_STYLE = Automatic;
				DEVELOPMENT_TEAM = 4SFB8K7G43;
				INFOPLIST_FILE = QueroTransformar/Info.plist;
				LD_RUNPATH_SEARCH_PATHS = (
					"$(inherited)",
					"@executable_path/Frameworks",
				);
				PRODUCT_BUNDLE_IDENTIFIER = jotacoutinho.QueroTransformar;
				PRODUCT_NAME = "$(TARGET_NAME)";
				PROVISIONING_PROFILE_SPECIFIER = "";
				SWIFT_VERSION = 4.2;
				TARGETED_DEVICE_FAMILY = "1,2";
			};
			name = Debug;
		};
		573E08542278AC26006EE5F8 /* Release */ = {
			isa = XCBuildConfiguration;
			buildSettings = {
				ASSETCATALOG_COMPILER_APPICON_NAME = AppIcon;
				CODE_SIGN_IDENTITY = "iPhone Developer";
				CODE_SIGN_STYLE = Automatic;
				DEVELOPMENT_TEAM = 4SFB8K7G43;
				INFOPLIST_FILE = QueroTransformar/Info.plist;
				LD_RUNPATH_SEARCH_PATHS = (
					"$(inherited)",
					"@executable_path/Frameworks",
				);
				PRODUCT_BUNDLE_IDENTIFIER = jotacoutinho.QueroTransformar;
				PRODUCT_NAME = "$(TARGET_NAME)";
				PROVISIONING_PROFILE_SPECIFIER = "";
				SWIFT_VERSION = 4.2;
				TARGETED_DEVICE_FAMILY = "1,2";
			};
			name = Release;
		};
/* End XCBuildConfiguration section */

/* Begin XCConfigurationList section */
		573E083B2278AC24006EE5F8 /* Build configuration list for PBXProject "QueroTransformar" */ = {
			isa = XCConfigurationList;
			buildConfigurations = (
				573E08502278AC26006EE5F8 /* Debug */,
				573E08512278AC26006EE5F8 /* Release */,
			);
			defaultConfigurationIsVisible = 0;
			defaultConfigurationName = Release;
		};
		573E08522278AC26006EE5F8 /* Build configuration list for PBXNativeTarget "QueroTransformar" */ = {
			isa = XCConfigurationList;
			buildConfigurations = (
				573E08532278AC26006EE5F8 /* Debug */,
				573E08542278AC26006EE5F8 /* Release */,
			);
			defaultConfigurationIsVisible = 0;
			defaultConfigurationName = Release;
		};
/* End XCConfigurationList section */
	};
	rootObject = 573E08382278AC24006EE5F8 /* Project object */;
}
